
Microsoft Visual Studio Solution File, Format Version 12.00
# Visual Studio Version 16
VisualStudioVersion = 16.0.33328.57
MinimumVisualStudioVersion = 10.0.40219.1
Project("{FAE04EC0-301F-11D3-BF4B-00C04F79EFBC}") = "TestWebApiApp", "TestWebApiApp\TestWebApiApp.csproj", "{C0148AEF-7555-4D09-AC39-292EAE848E0C}"
EndProject
Global
	GlobalSection(SolutionConfigurationPlatforms) = preSolution
		Debug|Any CPU = Debug|Any CPU
		Release|Any CPU = Release|Any CPU
	EndGlobalSection
	GlobalSection(ProjectConfigurationPlatforms) = postSolution
		{C0148AEF-7555-4D09-AC39-292EAE848E0C}.Debug|Any CPU.ActiveCfg = Debug|Any CPU
		{C0148AEF-7555-4D09-AC39-292EAE848E0C}.Debug|Any CPU.Build.0 = Debug|Any CPU
		{C0148AEF-7555-4D09-AC39-292EAE848E0C}.Release|Any CPU.ActiveCfg = Release|Any CPU
		{C0148AEF-7555-4D09-AC39-292EAE848E0C}.Release|Any CPU.Build.0 = Release|Any CPU
	EndGlobalSection
	GlobalSection(SolutionProperties) = preSolution
		HideSolutionNode = FALSE
	EndGlobalSection
	GlobalSection(ExtensibilityGlobals) = postSolution
		SolutionGuid = {76820696-F6E1-438F-BCAD-818B472ED82C}
	EndGlobalSection
EndGlobal
